
Microsoft Visual Studio Solution File, Format Version 12.00
Project("{FAE04EC0-301F-11D3-BF4B-00C04F79EFBC}") = "SpendingHabits", "SpendingHabits\SpendingHabits.csproj", "{C7B631D6-5D08-48CF-A37F-E08E50968127}"
EndProject
Project("{FAE04EC0-301F-11D3-BF4B-00C04F79EFBC}") = "Core", "Core\Core.csproj", "{B2DAB5B4-5C2E-484E-9C18-99B8569330A7}"
EndProject
Project("{FAE04EC0-301F-11D3-BF4B-00C04F79EFBC}") = "Business", "Business\Business.csproj", "{DFE39AFC-6445-43F9-B109-B145C36540FD}"
EndProject
Project("{FAE04EC0-301F-11D3-BF4B-00C04F79EFBC}") = "Infrastructure", "Infrastructure\Infrastructure.csproj", "{0D27EF5A-02D9-4DE5-B4DE-5B1B03749322}"
EndProject
Global
	GlobalSection(SolutionConfigurationPlatforms) = preSolution
		Debug|Any CPU = Debug|Any CPU
		Release|Any CPU = Release|Any CPU
	EndGlobalSection
	GlobalSection(ProjectConfigurationPlatforms) = postSolution
		{C7B631D6-5D08-48CF-A37F-E08E50968127}.Debug|Any CPU.ActiveCfg = Debug|Any CPU
		{C7B631D6-5D08-48CF-A37F-E08E50968127}.Debug|Any CPU.Build.0 = Debug|Any CPU
		{C7B631D6-5D08-48CF-A37F-E08E50968127}.Release|Any CPU.ActiveCfg = Release|Any CPU
		{C7B631D6-5D08-48CF-A37F-E08E50968127}.Release|Any CPU.Build.0 = Release|Any CPU
		{B2DAB5B4-5C2E-484E-9C18-99B8569330A7}.Debug|Any CPU.ActiveCfg = Debug|Any CPU
		{B2DAB5B4-5C2E-484E-9C18-99B8569330A7}.Debug|Any CPU.Build.0 = Debug|Any CPU
		{B2DAB5B4-5C2E-484E-9C18-99B8569330A7}.Release|Any CPU.ActiveCfg = Release|Any CPU
		{B2DAB5B4-5C2E-484E-9C18-99B8569330A7}.Release|Any CPU.Build.0 = Release|Any CPU
		{DFE39AFC-6445-43F9-B109-B145C36540FD}.Debug|Any CPU.ActiveCfg = Debug|Any CPU
		{DFE39AFC-6445-43F9-B109-B145C36540FD}.Debug|Any CPU.Build.0 = Debug|Any CPU
		{DFE39AFC-6445-43F9-B109-B145C36540FD}.Release|Any CPU.ActiveCfg = Release|Any CPU
		{DFE39AFC-6445-43F9-B109-B145C36540FD}.Release|Any CPU.Build.0 = Release|Any CPU
		{0D27EF5A-02D9-4DE5-B4DE-5B1B03749322}.Debug|Any CPU.ActiveCfg = Debug|Any CPU
		{0D27EF5A-02D9-4DE5-B4DE-5B1B03749322}.Debug|Any CPU.Build.0 = Debug|Any CPU
		{0D27EF5A-02D9-4DE5-B4DE-5B1B03749322}.Release|Any CPU.ActiveCfg = Release|Any CPU
		{0D27EF5A-02D9-4DE5-B4DE-5B1B03749322}.Release|Any CPU.Build.0 = Release|Any CPU
	EndGlobalSection
EndGlobal
